Microsoft Visual Studio Solution File, Format Version 12.00
# Visual Studio Version 16
VisualStudioVersion = 16.0.0.0
MinimumVisualStudioVersion = 16.0.0.0
Project("{9A19103F-16F7-4668-BE54-9A1E7A4F7556}") = "EvilCompanies", "EvilCompanies.csproj", "{74F89909-24E6-4329-9873-A1CF6E887EBC}"
EndProject
Global
	GlobalSection(SolutionConfigurationPlatforms) = preSolution
		Debug|Any CPU = Debug|Any CPU
		Debug|x64 = Debug|x64
		Debug|x86 = Debug|x86
		Release|Any CPU = Release|Any CPU
		Release|x64 = Release|x64
		Release|x86 = Release|x86
	EndGlobalSection
	GlobalSection(ProjectConfigurationPlatforms) = postSolution
		{74F89909-24E6-4329-9873-A1CF6E887EBC}.Debug|Any CPU.ActiveCfg = Debug|Any CPU
		{74F89909-24E6-4329-9873-A1CF6E887EBC}.Debug|Any CPU.Build.0 = Debug|Any CPU
		{74F89909-24E6-4329-9873-A1CF6E887EBC}.Debug|x64.ActiveCfg = Debug|Any CPU
		{74F89909-24E6-4329-9873-A1CF6E887EBC}.Debug|x64.Build.0 = Debug|Any CPU
		{74F89909-24E6-4329-9873-A1CF6E887EBC}.Debug|x86.ActiveCfg = Debug|Any CPU
		{74F89909-24E6-4329-9873-A1CF6E887EBC}.Debug|x86.Build.0 = Debug|Any CPU
		{74F89909-24E6-4329-9873-A1CF6E887EBC}.Release|Any CPU.ActiveCfg = Release|Any CPU
		{74F89909-24E6-4329-9873-A1CF6E887EBC}.Release|Any CPU.Build.0 = Release|Any CPU
		{74F89909-24E6-4329-9873-A1CF6E887EBC}.Release|x64.ActiveCfg = Release|Any CPU
		{74F89909-24E6-4329-9873-A1CF6E887EBC}.Release|x64.Build.0 = Release|Any CPU
		{74F89909-24E6-4329-9873-A1CF6E887EBC}.Release|x86.ActiveCfg = Release|Any CPU
		{74F89909-24E6-4329-9873-A1CF6E887EBC}.Release|x86.Build.0 = Release|Any CPU
	EndGlobalSection
	GlobalSection(SolutionProperties) = preSolution
		HideSolutionNode = FALSE
	EndGlobalSection
	GlobalSection(ExtensibilityGlobals) = postSolution
		SolutionGuid = {CA8F12DE-9827-4E98-819E-2A83F17EB309}
	EndGlobalSection
EndGlobal